Microsoft Visual Studio Solution File, Format Version 11.00
# Visual Studio 2008

Project("{D23FFA77-D838-34A9-35FA-9EEDF02C1E91}") = "HovedOpgave_Tech_Run_MockUp", "Assembly-CSharp.csproj", "{61CDEA8E-0F05-DF72-0808-BB525AFF775F}"
EndProject
Global
	GlobalSection(SolutionConfigurationPlatforms) = preSolution
		Debug|Any CPU = Debug|Any CPU
		Release|Any CPU = Release|Any CPU
	EndGlobalSection
	GlobalSection(ProjectConfigurationPlatforms) = postSolution
		{61CDEA8E-0F05-DF72-0808-BB525AFF775F}.Debug|Any CPU.ActiveCfg = Debug|Any CPU
		{61CDEA8E-0F05-DF72-0808-BB525AFF775F}.Debug|Any CPU.Build.0 = Debug|Any CPU
		{61CDEA8E-0F05-DF72-0808-BB525AFF775F}.Release|Any CPU.ActiveCfg = Release|Any CPU
		{61CDEA8E-0F05-DF72-0808-BB525AFF775F}.Release|Any CPU.Build.0 = Release|Any CPU
	EndGlobalSection
	GlobalSection(SolutionProperties) = preSolution
		HideSolutionNode = FALSE
	EndGlobalSection
	GlobalSection(MonoDevelopProperties) = preSolution
		StartupItem = Assembly-CSharp.csproj
	EndGlobalSection
EndGlobal
