Microsoft Visual Studio Solution File, Format Version 11.00
# Visual Studio 2008

Project("{4F206709-E763-23EF-908E-4DF0AC2DF762}") = "EgenMapTest", "Assembly-CSharp-firstpass.csproj", "{B321EC71-9093-59B0-7D00-7B9C3360E0A9}"
EndProject
Project("{4F206709-E763-23EF-908E-4DF0AC2DF762}") = "EgenMapTest", "Assembly-CSharp.csproj", "{C635EF4E-A446-5F29-2883-ACFC9F147BCC}"
EndProject
Project("{4F206709-E763-23EF-908E-4DF0AC2DF762}") = "EgenMapTest", "Assembly-CSharp-Editor.csproj", "{7ED4908A-F9DB-4CED-3671-DD8A846DF37F}"
EndProject
Global
	GlobalSection(SolutionConfigurationPlatforms) = preSolution
		Debug|Any CPU = Debug|Any CPU
		Release|Any CPU = Release|Any CPU
	EndGlobalSection
	GlobalSection(ProjectConfigurationPlatforms) = postSolution
		{B321EC71-9093-59B0-7D00-7B9C3360E0A9}.Debug|Any CPU.ActiveCfg = Debug|Any CPU
		{B321EC71-9093-59B0-7D00-7B9C3360E0A9}.Debug|Any CPU.Build.0 = Debug|Any CPU
		{B321EC71-9093-59B0-7D00-7B9C3360E0A9}.Release|Any CPU.ActiveCfg = Release|Any CPU
		{B321EC71-9093-59B0-7D00-7B9C3360E0A9}.Release|Any CPU.Build.0 = Release|Any CPU
		{C635EF4E-A446-5F29-2883-ACFC9F147BCC}.Debug|Any CPU.ActiveCfg = Debug|Any CPU
		{C635EF4E-A446-5F29-2883-ACFC9F147BCC}.Debug|Any CPU.Build.0 = Debug|Any CPU
		{C635EF4E-A446-5F29-2883-ACFC9F147BCC}.Release|Any CPU.ActiveCfg = Release|Any CPU
		{C635EF4E-A446-5F29-2883-ACFC9F147BCC}.Release|Any CPU.Build.0 = Release|Any CPU
		{7ED4908A-F9DB-4CED-3671-DD8A846DF37F}.Debug|Any CPU.ActiveCfg = Debug|Any CPU
		{7ED4908A-F9DB-4CED-3671-DD8A846DF37F}.Debug|Any CPU.Build.0 = Debug|Any CPU
		{7ED4908A-F9DB-4CED-3671-DD8A846DF37F}.Release|Any CPU.ActiveCfg = Release|Any CPU
		{7ED4908A-F9DB-4CED-3671-DD8A846DF37F}.Release|Any CPU.Build.0 = Release|Any CPU
	EndGlobalSection
	GlobalSection(SolutionProperties) = preSolution
		HideSolutionNode = FALSE
	EndGlobalSection
	GlobalSection(MonoDevelopProperties) = preSolution
		StartupItem = Assembly-CSharp.csproj
	EndGlobalSection
EndGlobal
